
Microsoft Visual Studio Solution File, Format Version 12.00
# Visual Studio 15
VisualStudioVersion = 15.0.27703.2026
MinimumVisualStudioVersion = 10.0.40219.1
Project("{E24C65DC-7377-472B-9ABA-BC803B73C61A}") = "WebFormsPageDemo", "WebFormsPageDemo\", "{619D088A-864E-481D-AC7B-A40AC7ED2345}"
	ProjectSection(WebsiteProperties) = preProject
		TargetFrameworkMoniker = ".NETFramework,Version%3Dv4.6.1"
		Debug.AspNetCompiler.VirtualPath = "/localhost_61584"
		Debug.AspNetCompiler.PhysicalPath = "WebFormsPageDemo\"
		Debug.AspNetCompiler.TargetPath = "PrecompiledWeb\localhost_61584\"
		Debug.AspNetCompiler.Updateable = "true"
		Debug.AspNetCompiler.ForceOverwrite = "true"
		Debug.AspNetCompiler.FixedNames = "false"
		Debug.AspNetCompiler.Debug = "True"
		Release.AspNetCompiler.VirtualPath = "/localhost_61584"
		Release.AspNetCompiler.PhysicalPath = "WebFormsPageDemo\"
		Release.AspNetCompiler.TargetPath = "PrecompiledWeb\localhost_61584\"
		Release.AspNetCompiler.Updateable = "true"
		Release.AspNetCompiler.ForceOverwrite = "true"
		Release.AspNetCompiler.FixedNames = "false"
		Release.AspNetCompiler.Debug = "False"
		VWDPort = "61584"
		SlnRelativePath = "WebFormsPageDemo\"
		DefaultWebSiteLanguage = "Visual C#"
	EndProjectSection
EndProject
Global
	GlobalSection(SolutionConfigurationPlatforms) = preSolution
		Debug|Any CPU = Debug|Any CPU
	EndGlobalSection
	GlobalSection(ProjectConfigurationPlatforms) = postSolution
		{619D088A-864E-481D-AC7B-A40AC7ED2345}.Debug|Any CPU.ActiveCfg = Debug|Any CPU
		{619D088A-864E-481D-AC7B-A40AC7ED2345}.Debug|Any CPU.Build.0 = Debug|Any CPU
	EndGlobalSection
	GlobalSection(SolutionProperties) = preSolution
		HideSolutionNode = FALSE
	EndGlobalSection
	GlobalSection(ExtensibilityGlobals) = postSolution
		SolutionGuid = {DEFBFE4C-B933-45F1-9E87-9D226D3623A0}
	EndGlobalSection
EndGlobal
